{
  "version": 4,
  "terraform_version": "0.12.7",
  "serial": 1,
  "lineage": "18685989-48a2-06ff-9bb5-a6249f4a77bc",
  "outputs": {},
  "resources": [
    {
      "mode": "managed",
      "type": "random_id",
      "name": "instance_id",
      "provider": "provider.random",
      "instances": [
        {
          "schema_version": 0,
          "attributes": {
            "b64": "yfmfMhYml7U",
            "b64_std": "yfmfMhYml7U=",
            "b64_url": "yfmfMhYml7U",
            "byte_length": 8,
            "dec": "14553838708293277621",
            "hex": "c9f99f32162697b5",
            "id": "yfmfMhYml7U",
            "keepers": null,
            "prefix": null
          },
          "private": "bnVsbA=="
        }
      ]
    }
  ]
}
